github.com/davecgh/go-spew v1.1.0 h1:ZDRjVQ15GmhC3fiQ8ni8+OwkZQO4DARzQgrnXU1Liz8=
github.com/davecgh/go-spew v1.1.0/go.mod h1:J7Y8YcW2NihsgmVo/mv3lAwl/skON4iLHjSsI+c5H38=
github.com/lunixbochs/struc v0.0.0-20180408203800-02e4c2afbb2a h1:axFx97V2Lyke5LbeygrJlzc07mwVhHt2ZHeI/Nv8Aq4=
github.com/lunixbochs/struc v0.0.0-20180408203800-02e4c2afbb2a/go.mod h1:iOJu9pApjjmEmNq7PqlA5R9mDu/HMF5EM3llWKX/TyA=
github.com/nerd2/gexto v0.0.0-20190529073929-39468ec063f6 h1:SPQQgCwMFkOmd+XSHQSL5spvqpVnItoNLNOuieOfAPQ=
github.com/nerd2/gexto v0.0.0-20190529073929-39468ec063f6/go.mod h1:Htuw6fr6riEoJsGsYlNmvdjNb0fDd47nqTV2EOHIEeU=
github.com/pmezard/go-difflib v1.0.0 h1:4DBwDE0NGyQoBHbLQYPwSUPoCMWR5BEzIk/f1lZbAQM=
github.com/pmezard/go-difflib v1.0.0/go.mod h1:iKH77koFhYxTK1pcRnkKkqfTogsbg7gZNVY4sRDYZ/4=
github.com/stretchr/testify v1.2.1 h1:52QO5WkIUcHGIR7EnGagH88x1bUzqGXTC5/1bDTUQ7U=
github.com/stretchr/testify v1.2.1/go.mod h1:a8OnRcib4nhh0OaRAV+Yts87kKdq0PP7pXfy6kDkUVs=
